
Microsoft Visual Studio Solution File, Format Version 12.00
# Visual Studio Version 16
VisualStudioVersion = 16.0.31025.194
MinimumVisualStudioVersion = 10.0.40219.1
Project("{9A19103F-16F7-4668-BE54-9A1E7A4F7556}") = "Bai1", "Bai1\Bai1.csproj", "{BC170225-3297-4AD3-AE47-3AACCF9AE6DB}"
EndProject
Project("{9A19103F-16F7-4668-BE54-9A1E7A4F7556}") = "Bai2", "Bai2\Bai2.csproj", "{B50AE788-5AB0-48C7-B698-A231E77F9B17}"
EndProject
Project("{9A19103F-16F7-4668-BE54-9A1E7A4F7556}") = "Bai3", "Bai3\Bai3.csproj", "{2090A2A2-3DAB-4020-B5A1-7C487D7528B3}"
EndProject
Project("{9A19103F-16F7-4668-BE54-9A1E7A4F7556}") = "Bai4", "Bai4\Bai4.csproj", "{7468BF14-AA12-470A-B9BC-15E13E6560FB}"
EndProject
Project("{9A19103F-16F7-4668-BE54-9A1E7A4F7556}") = "Bai5", "Bai5\Bai5.csproj", "{D42E5D9D-5D3A-487D-8DE6-8BFDEBC43111}"
EndProject
Project("{9A19103F-16F7-4668-BE54-9A1E7A4F7556}") = "DemoFileWriter", "DemoFileWriter\DemoFileWriter.csproj", "{A471700E-EFF0-4A8D-9761-DBA2891E18DF}"
EndProject
Project("{FAE04EC0-301F-11D3-BF4B-00C04F79EFBC}") = "Bai6", "Bai6\Bai6.csproj", "{7763940E-319C-4649-A2A2-B0AFD4388CC9}"
EndProject
Project("{FAE04EC0-301F-11D3-BF4B-00C04F79EFBC}") = "Bai7", "Bai7\Bai7.csproj", "{27AEC686-477D-45CA-9C93-84A3F196D4DF}"
EndProject
Project("{FAE04EC0-301F-11D3-BF4B-00C04F79EFBC}") = "Bai8", "Bai8\Bai8.csproj", "{D8528E82-35C5-4456-ACC7-F57CDC14D14E}"
EndProject
Project("{FAE04EC0-301F-11D3-BF4B-00C04F79EFBC}") = "OOP1", "OOP1\OOP1.csproj", "{23250826-A966-4A33-9738-1575B2AA5635}"
EndProject
Project("{FAE04EC0-301F-11D3-BF4B-00C04F79EFBC}") = "OOP2", "OOP2\OOP2.csproj", "{8BD43130-5968-45EC-8561-2589061E826C}"
EndProject
Project("{FAE04EC0-301F-11D3-BF4B-00C04F79EFBC}") = "OOP3", "OOP3\OOP3.csproj", "{3A839155-434D-4DE2-B9C4-F3793F37B989}"
EndProject
Project("{FAE04EC0-301F-11D3-BF4B-00C04F79EFBC}") = "Bai9", "Bai9\Bai9.csproj", "{AF2ED77D-08FA-4252-A651-752EFE3FB742}"
EndProject
Project("{FAE04EC0-301F-11D3-BF4B-00C04F79EFBC}") = "Bai10", "Bai10\Bai10.csproj", "{D318185E-0E13-49A1-93E6-A0D37F963C27}"
EndProject
Project("{FAE04EC0-301F-11D3-BF4B-00C04F79EFBC}") = "Bai11", "Bai11\Bai11.csproj", "{205AA8E2-F644-4036-9E73-6703A22563EA}"
EndProject
Project("{FAE04EC0-301F-11D3-BF4B-00C04F79EFBC}") = "OOP4", "OOP4\OOP4.csproj", "{9F0E878D-797C-43BF-9834-0704FB766917}"
EndProject
Project("{FAE04EC0-301F-11D3-BF4B-00C04F79EFBC}") = "OOP5", "OOP5\OOP5.csproj", "{3ACE8BAF-D473-43C8-887C-92B2C7C7B97A}"
EndProject
Project("{FAE04EC0-301F-11D3-BF4B-00C04F79EFBC}") = "OOP6", "OOP6\OOP6.csproj", "{B2B127B7-CF3A-4740-A373-23DF13C9E51B}"
EndProject
Project("{FAE04EC0-301F-11D3-BF4B-00C04F79EFBC}") = "OOP7", "OOP7\OOP7.csproj", "{30814255-0964-40B2-8BBE-5F42071C7CD1}"
EndProject
Global
	GlobalSection(SolutionConfigurationPlatforms) = preSolution
		Debug|Any CPU = Debug|Any CPU
		Release|Any CPU = Release|Any CPU
	EndGlobalSection
	GlobalSection(ProjectConfigurationPlatforms) = postSolution
		{BC170225-3297-4AD3-AE47-3AACCF9AE6DB}.Debug|Any CPU.ActiveCfg = Debug|Any CPU
		{BC170225-3297-4AD3-AE47-3AACCF9AE6DB}.Debug|Any CPU.Build.0 = Debug|Any CPU
		{BC170225-3297-4AD3-AE47-3AACCF9AE6DB}.Release|Any CPU.ActiveCfg = Release|Any CPU
		{BC170225-3297-4AD3-AE47-3AACCF9AE6DB}.Release|Any CPU.Build.0 = Release|Any CPU
		{B50AE788-5AB0-48C7-B698-A231E77F9B17}.Debug|Any CPU.ActiveCfg = Debug|Any CPU
		{B50AE788-5AB0-48C7-B698-A231E77F9B17}.Debug|Any CPU.Build.0 = Debug|Any CPU
		{B50AE788-5AB0-48C7-B698-A231E77F9B17}.Release|Any CPU.ActiveCfg = Release|Any CPU
		{B50AE788-5AB0-48C7-B698-A231E77F9B17}.Release|Any CPU.Build.0 = Release|Any CPU
		{2090A2A2-3DAB-4020-B5A1-7C487D7528B3}.Debug|Any CPU.ActiveCfg = Debug|Any CPU
		{2090A2A2-3DAB-4020-B5A1-7C487D7528B3}.Debug|Any CPU.Build.0 = Debug|Any CPU
		{2090A2A2-3DAB-4020-B5A1-7C487D7528B3}.Release|Any CPU.ActiveCfg = Release|Any CPU
		{2090A2A2-3DAB-4020-B5A1-7C487D7528B3}.Release|Any CPU.Build.0 = Release|Any CPU
		{7468BF14-AA12-470A-B9BC-15E13E6560FB}.Debug|Any CPU.ActiveCfg = Debug|Any CPU
		{7468BF14-AA12-470A-B9BC-15E13E6560FB}.Debug|Any CPU.Build.0 = Debug|Any CPU
		{7468BF14-AA12-470A-B9BC-15E13E6560FB}.Release|Any CPU.ActiveCfg = Release|Any CPU
		{7468BF14-AA12-470A-B9BC-15E13E6560FB}.Release|Any CPU.Build.0 = Release|Any CPU
		{D42E5D9D-5D3A-487D-8DE6-8BFDEBC43111}.Debug|Any CPU.ActiveCfg = Debug|Any CPU
		{D42E5D9D-5D3A-487D-8DE6-8BFDEBC43111}.Debug|Any CPU.Build.0 = Debug|Any CPU
		{D42E5D9D-5D3A-487D-8DE6-8BFDEBC43111}.Release|Any CPU.ActiveCfg = Release|Any CPU
		{D42E5D9D-5D3A-487D-8DE6-8BFDEBC43111}.Release|Any CPU.Build.0 = Release|Any CPU
		{A471700E-EFF0-4A8D-9761-DBA2891E18DF}.Debug|Any CPU.ActiveCfg = Debug|Any CPU
		{A471700E-EFF0-4A8D-9761-DBA2891E18DF}.Debug|Any CPU.Build.0 = Debug|Any CPU
		{A471700E-EFF0-4A8D-9761-DBA2891E18DF}.Release|Any CPU.ActiveCfg = Release|Any CPU
		{A471700E-EFF0-4A8D-9761-DBA2891E18DF}.Release|Any CPU.Build.0 = Release|Any CPU
		{7763940E-319C-4649-A2A2-B0AFD4388CC9}.Debug|Any CPU.ActiveCfg = Debug|Any CPU
		{7763940E-319C-4649-A2A2-B0AFD4388CC9}.Debug|Any CPU.Build.0 = Debug|Any CPU
		{7763940E-319C-4649-A2A2-B0AFD4388CC9}.Release|Any CPU.ActiveCfg = Release|Any CPU
		{7763940E-319C-4649-A2A2-B0AFD4388CC9}.Release|Any CPU.Build.0 = Release|Any CPU
		{27AEC686-477D-45CA-9C93-84A3F196D4DF}.Debug|Any CPU.ActiveCfg = Debug|Any CPU
		{27AEC686-477D-45CA-9C93-84A3F196D4DF}.Debug|Any CPU.Build.0 = Debug|Any CPU
		{27AEC686-477D-45CA-9C93-84A3F196D4DF}.Release|Any CPU.ActiveCfg = Release|Any CPU
		{27AEC686-477D-45CA-9C93-84A3F196D4DF}.Release|Any CPU.Build.0 = Release|Any CPU
		{D8528E82-35C5-4456-ACC7-F57CDC14D14E}.Debug|Any CPU.ActiveCfg = Debug|Any CPU
		{D8528E82-35C5-4456-ACC7-F57CDC14D14E}.Debug|Any CPU.Build.0 = Debug|Any CPU
		{D8528E82-35C5-4456-ACC7-F57CDC14D14E}.Release|Any CPU.ActiveCfg = Release|Any CPU
		{D8528E82-35C5-4456-ACC7-F57CDC14D14E}.Release|Any CPU.Build.0 = Release|Any CPU
		{23250826-A966-4A33-9738-1575B2AA5635}.Debug|Any CPU.ActiveCfg = Debug|Any CPU
		{23250826-A966-4A33-9738-1575B2AA5635}.Debug|Any CPU.Build.0 = Debug|Any CPU
		{23250826-A966-4A33-9738-1575B2AA5635}.Release|Any CPU.ActiveCfg = Release|Any CPU
		{23250826-A966-4A33-9738-1575B2AA5635}.Release|Any CPU.Build.0 = Release|Any CPU
		{8BD43130-5968-45EC-8561-2589061E826C}.Debug|Any CPU.ActiveCfg = Debug|Any CPU
		{8BD43130-5968-45EC-8561-2589061E826C}.Debug|Any CPU.Build.0 = Debug|Any CPU
		{8BD43130-5968-45EC-8561-2589061E826C}.Release|Any CPU.ActiveCfg = Release|Any CPU
		{8BD43130-5968-45EC-8561-2589061E826C}.Release|Any CPU.Build.0 = Release|Any CPU
		{3A839155-434D-4DE2-B9C4-F3793F37B989}.Debug|Any CPU.ActiveCfg = Debug|Any CPU
		{3A839155-434D-4DE2-B9C4-F3793F37B989}.Debug|Any CPU.Build.0 = Debug|Any CPU
		{3A839155-434D-4DE2-B9C4-F3793F37B989}.Release|Any CPU.ActiveCfg = Release|Any CPU
		{3A839155-434D-4DE2-B9C4-F3793F37B989}.Release|Any CPU.Build.0 = Release|Any CPU
		{AF2ED77D-08FA-4252-A651-752EFE3FB742}.Debug|Any CPU.ActiveCfg = Debug|Any CPU
		{AF2ED77D-08FA-4252-A651-752EFE3FB742}.Debug|Any CPU.Build.0 = Debug|Any CPU
		{AF2ED77D-08FA-4252-A651-752EFE3FB742}.Release|Any CPU.ActiveCfg = Release|Any CPU
		{AF2ED77D-08FA-4252-A651-752EFE3FB742}.Release|Any CPU.Build.0 = Release|Any CPU
		{D318185E-0E13-49A1-93E6-A0D37F963C27}.Debug|Any CPU.ActiveCfg = Debug|Any CPU
		{D318185E-0E13-49A1-93E6-A0D37F963C27}.Debug|Any CPU.Build.0 = Debug|Any CPU
		{D318185E-0E13-49A1-93E6-A0D37F963C27}.Release|Any CPU.ActiveCfg = Release|Any CPU
		{D318185E-0E13-49A1-93E6-A0D37F963C27}.Release|Any CPU.Build.0 = Release|Any CPU
		{205AA8E2-F644-4036-9E73-6703A22563EA}.Debug|Any CPU.ActiveCfg = Debug|Any CPU
		{205AA8E2-F644-4036-9E73-6703A22563EA}.Debug|Any CPU.Build.0 = Debug|Any CPU
		{205AA8E2-F644-4036-9E73-6703A22563EA}.Release|Any CPU.ActiveCfg = Release|Any CPU
		{205AA8E2-F644-4036-9E73-6703A22563EA}.Release|Any CPU.Build.0 = Release|Any CPU
		{9F0E878D-797C-43BF-9834-0704FB766917}.Debug|Any CPU.ActiveCfg = Debug|Any CPU
		{9F0E878D-797C-43BF-9834-0704FB766917}.Debug|Any CPU.Build.0 = Debug|Any CPU
		{9F0E878D-797C-43BF-9834-0704FB766917}.Release|Any CPU.ActiveCfg = Release|Any CPU
		{9F0E878D-797C-43BF-9834-0704FB766917}.Release|Any CPU.Build.0 = Release|Any CPU
		{3ACE8BAF-D473-43C8-887C-92B2C7C7B97A}.Debug|Any CPU.ActiveCfg = Debug|Any CPU
		{3ACE8BAF-D473-43C8-887C-92B2C7C7B97A}.Debug|Any CPU.Build.0 = Debug|Any CPU
		{3ACE8BAF-D473-43C8-887C-92B2C7C7B97A}.Release|Any CPU.ActiveCfg = Release|Any CPU
		{3ACE8BAF-D473-43C8-887C-92B2C7C7B97A}.Release|Any CPU.Build.0 = Release|Any CPU
		{B2B127B7-CF3A-4740-A373-23DF13C9E51B}.Debug|Any CPU.ActiveCfg = Debug|Any CPU
		{B2B127B7-CF3A-4740-A373-23DF13C9E51B}.Debug|Any CPU.Build.0 = Debug|Any CPU
		{B2B127B7-CF3A-4740-A373-23DF13C9E51B}.Release|Any CPU.ActiveCfg = Release|Any CPU
		{B2B127B7-CF3A-4740-A373-23DF13C9E51B}.Release|Any CPU.Build.0 = Release|Any CPU
		{30814255-0964-40B2-8BBE-5F42071C7CD1}.Debug|Any CPU.ActiveCfg = Debug|Any CPU
		{30814255-0964-40B2-8BBE-5F42071C7CD1}.Debug|Any CPU.Build.0 = Debug|Any CPU
		{30814255-0964-40B2-8BBE-5F42071C7CD1}.Release|Any CPU.ActiveCfg = Release|Any CPU
		{30814255-0964-40B2-8BBE-5F42071C7CD1}.Release|Any CPU.Build.0 = Release|Any CPU
	EndGlobalSection
	GlobalSection(SolutionProperties) = preSolution
		HideSolutionNode = FALSE
	EndGlobalSection
	GlobalSection(ExtensibilityGlobals) = postSolution
		SolutionGuid = {6B26E1B4-0F6F-4CFB-B083-D936E2F87EAB}
	EndGlobalSection
EndGlobal
